
Microsoft Visual Studio Solution File, Format Version 12.00
# Visual Studio Version 17
VisualStudioVersion = 17.7.34221.43
MinimumVisualStudioVersion = 10.0.40219.1
Project("{FAE04EC0-301F-11D3-BF4B-00C04F79EFBC}") = "EducationalPlanK", "EducationalPlanK\EducationalPlanK.csproj", "{921B1719-20C6-4B1E-A040-4B890D6CD623}"
EndProject
Global
	GlobalSection(SolutionConfigurationPlatforms) = preSolution
		Debug|Any CPU = Debug|Any CPU
		Release|Any CPU = Release|Any CPU
	EndGlobalSection
	GlobalSection(ProjectConfigurationPlatforms) = postSolution
		{921B1719-20C6-4B1E-A040-4B890D6CD623}.Debug|Any CPU.ActiveCfg = Debug|Any CPU
		{921B1719-20C6-4B1E-A040-4B890D6CD623}.Debug|Any CPU.Build.0 = Debug|Any CPU
		{921B1719-20C6-4B1E-A040-4B890D6CD623}.Release|Any CPU.ActiveCfg = Release|Any CPU
		{921B1719-20C6-4B1E-A040-4B890D6CD623}.Release|Any CPU.Build.0 = Release|Any CPU
	EndGlobalSection
	GlobalSection(SolutionProperties) = preSolution
		HideSolutionNode = FALSE
	EndGlobalSection
	GlobalSection(ExtensibilityGlobals) = postSolution
		SolutionGuid = {620C83A3-6D4A-4467-8ED8-CB3A556FBFA3}
	EndGlobalSection
EndGlobal
